
Microsoft Visual Studio Solution File, Format Version 12.00
# Visual Studio Version 16
VisualStudioVersion = 16.0.31205.134
MinimumVisualStudioVersion = 10.0.40219.1
Project("{FAE04EC0-301F-11D3-BF4B-00C04F79EFBC}") = "ia", "ia\ia.csproj", "{DB41941E-799B-4B20-A9FD-4423CED320BE}"
EndProject
Global
	GlobalSection(SolutionConfigurationPlatforms) = preSolution
		Debug|Any CPU = Debug|Any CPU
		Release|Any CPU = Release|Any CPU
	EndGlobalSection
	GlobalSection(ProjectConfigurationPlatforms) = postSolution
		{DB41941E-799B-4B20-A9FD-4423CED320BE}.Debug|Any CPU.ActiveCfg = Debug|Any CPU
		{DB41941E-799B-4B20-A9FD-4423CED320BE}.Debug|Any CPU.Build.0 = Debug|Any CPU
		{DB41941E-799B-4B20-A9FD-4423CED320BE}.Release|Any CPU.ActiveCfg = Release|Any CPU
		{DB41941E-799B-4B20-A9FD-4423CED320BE}.Release|Any CPU.Build.0 = Release|Any CPU
	EndGlobalSection
	GlobalSection(SolutionProperties) = preSolution
		HideSolutionNode = FALSE
	EndGlobalSection
	GlobalSection(ExtensibilityGlobals) = postSolution
		SolutionGuid = {78E5DD5A-8F66-4458-9746-00257A6E9885}
	EndGlobalSection
EndGlobal
